
Microsoft Visual Studio Solution File, Format Version 12.00
# Visual Studio Version 16
VisualStudioVersion = 16.0.31205.134
MinimumVisualStudioVersion = 10.0.40219.1
Project("{FAE04EC0-301F-11D3-BF4B-00C04F79EFBC}") = "Constructor", "Constructor\Constructor.csproj", "{253AF92D-A51D-4843-B1E1-E1DF3FC8973F}"
EndProject
Global
	GlobalSection(SolutionConfigurationPlatforms) = preSolution
		Debug|Any CPU = Debug|Any CPU
		Release|Any CPU = Release|Any CPU
	EndGlobalSection
	GlobalSection(ProjectConfigurationPlatforms) = postSolution
		{253AF92D-A51D-4843-B1E1-E1DF3FC8973F}.Debug|Any CPU.ActiveCfg = Debug|Any CPU
		{253AF92D-A51D-4843-B1E1-E1DF3FC8973F}.Debug|Any CPU.Build.0 = Debug|Any CPU
		{253AF92D-A51D-4843-B1E1-E1DF3FC8973F}.Release|Any CPU.ActiveCfg = Release|Any CPU
		{253AF92D-A51D-4843-B1E1-E1DF3FC8973F}.Release|Any CPU.Build.0 = Release|Any CPU
	EndGlobalSection
	GlobalSection(SolutionProperties) = preSolution
		HideSolutionNode = FALSE
	EndGlobalSection
	GlobalSection(ExtensibilityGlobals) = postSolution
		SolutionGuid = {BF047F30-B545-44C9-8E41-E99F1820B73E}
	EndGlobalSection
EndGlobal
