
Microsoft Visual Studio Solution File, Format Version 12.00
# Visual Studio Version 16
VisualStudioVersion = 16.0.31205.134
MinimumVisualStudioVersion = 10.0.40219.1
Project("{FAE04EC0-301F-11D3-BF4B-00C04F79EFBC}") = "StringvsStringBuilder", "StringvsStringBuilder\StringvsStringBuilder.csproj", "{676E22FE-8928-43A3-8DB4-D594EED10EF5}"
EndProject
Global
	GlobalSection(SolutionConfigurationPlatforms) = preSolution
		Debug|Any CPU = Debug|Any CPU
		Release|Any CPU = Release|Any CPU
	EndGlobalSection
	GlobalSection(ProjectConfigurationPlatforms) = postSolution
		{676E22FE-8928-43A3-8DB4-D594EED10EF5}.Debug|Any CPU.ActiveCfg = Debug|Any CPU
		{676E22FE-8928-43A3-8DB4-D594EED10EF5}.Debug|Any CPU.Build.0 = Debug|Any CPU
		{676E22FE-8928-43A3-8DB4-D594EED10EF5}.Release|Any CPU.ActiveCfg = Release|Any CPU
		{676E22FE-8928-43A3-8DB4-D594EED10EF5}.Release|Any CPU.Build.0 = Release|Any CPU
	EndGlobalSection
	GlobalSection(SolutionProperties) = preSolution
		HideSolutionNode = FALSE
	EndGlobalSection
	GlobalSection(ExtensibilityGlobals) = postSolution
		SolutionGuid = {12F2932D-73FF-49CE-BD3F-7A7777F57A14}
	EndGlobalSection
EndGlobal
