
Microsoft Visual Studio Solution File, Format Version 12.00
# Visual Studio Version 16
VisualStudioVersion = 16.0.31205.134
MinimumVisualStudioVersion = 10.0.40219.1
Project("{FAE04EC0-301F-11D3-BF4B-00C04F79EFBC}") = "Employee_CRUD_RDLC_webapp", "Employee_CRUD_RDLC_webapp\Employee_CRUD_RDLC_webapp.csproj", "{DEBDA910-25B8-4D5A-9D39-2CC7E10ABEC2}"
EndProject
Global
	GlobalSection(SolutionConfigurationPlatforms) = preSolution
		Debug|Any CPU = Debug|Any CPU
		Release|Any CPU = Release|Any CPU
	EndGlobalSection
	GlobalSection(ProjectConfigurationPlatforms) = postSolution
		{DEBDA910-25B8-4D5A-9D39-2CC7E10ABEC2}.Debug|Any CPU.ActiveCfg = Debug|Any CPU
		{DEBDA910-25B8-4D5A-9D39-2CC7E10ABEC2}.Debug|Any CPU.Build.0 = Debug|Any CPU
		{DEBDA910-25B8-4D5A-9D39-2CC7E10ABEC2}.Release|Any CPU.ActiveCfg = Release|Any CPU
		{DEBDA910-25B8-4D5A-9D39-2CC7E10ABEC2}.Release|Any CPU.Build.0 = Release|Any CPU
	EndGlobalSection
	GlobalSection(SolutionProperties) = preSolution
		HideSolutionNode = FALSE
	EndGlobalSection
	GlobalSection(ExtensibilityGlobals) = postSolution
		SolutionGuid = {ACC8F205-00E8-45FF-A31C-16013F984965}
	EndGlobalSection
EndGlobal
